// !$*UTF8*$!
{
	archiveVersion = 1;
	classes = {
	};
	objectVersion = 51;
	objects = {

/* Begin PBXBuildFile section */
		1A1919614633BCE7B10347A8 /* Pods_O_sikdang.framework in Frameworks */ = {isa = PBXBuildFile; fileRef = EDED5464636362DF3BA5515B /* Pods_O_sikdang.framework */; };
		382D473B2519FC380055A469 /* HomeTopView.xib in Resources */ = {isa = PBXBuildFile; fileRef = 382D473A2519FC380055A469 /* HomeTopView.xib */; };
		382D4743251B3E3E0055A469 /* .swiftlint.yml in Resources */ = {isa = PBXBuildFile; fileRef = 382D4742251B3E3E0055A469 /* .swiftlint.yml */; };
		38F824052509C8AB00266467 /* AppDelegate.swift in Sources */ = {isa = PBXBuildFile; fileRef = 38F824042509C8AB00266467 /* AppDelegate.swift */; };
		38F824072509C8AB00266467 /* SceneDelegate.swift in Sources */ = {isa = PBXBuildFile; fileRef = 38F824062509C8AB00266467 /* SceneDelegate.swift */; };
		38F824092509C8AB00266467 /* ViewController.swift in Sources */ = {isa = PBXBuildFile; fileRef = 38F824082509C8AB00266467 /* ViewController.swift */; };
		38F8240C2509C8AB00266467 /* Main.storyboard in Resources */ = {isa = PBXBuildFile; fileRef = 38F8240A2509C8AB00266467 /* Main.storyboard */; };
		38F8240E2509C8B000266467 /* Assets.xcassets in Resources */ = {isa = PBXBuildFile; fileRef = 38F8240D2509C8B000266467 /* Assets.xcassets */; };
		38F824112509C8B000266467 /* LaunchScreen.storyboard in Resources */ = {isa = PBXBuildFile; fileRef = 38F8240F2509C8B000266467 /* LaunchScreen.storyboard */; };
/* End PBXBuildFile section */

/* Begin PBXFileReference section */
		382D473A2519FC380055A469 /* HomeTopView.xib */ = {isa = PBXFileReference; lastKnownFileType = file.xib; path = HomeTopView.xib; sourceTree = "<group>"; };
		382D4742251B3E3E0055A469 /* .swiftlint.yml */ = {isa = PBXFileReference; lastKnownFileType = text.yaml; path = .swiftlint.yml; sourceTree = "<group>"; };
		38F824012509C8AB00266467 /* O-sikdang.app */ = {isa = PBXFileReference; explicitFileType = wrapper.application; includeInIndex = 0; path = "O-sikdang.app"; sourceTree = BUILT_PRODUCTS_DIR; };
		38F824042509C8AB00266467 /* AppDelegate.swift */ = {isa = PBXFileReference; lastKnownFileType = sourcecode.swift; path = AppDelegate.swift; sourceTree = "<group>"; };
		38F824062509C8AB00266467 /* SceneDelegate.swift */ = {isa = PBXFileReference; lastKnownFileType = sourcecode.swift; path = SceneDelegate.swift; sourceTree = "<group>"; };
		38F824082509C8AB00266467 /* ViewController.swift */ = {isa = PBXFileReference; lastKnownFileType = sourcecode.swift; path = ViewController.swift; sourceTree = "<group>"; };
		38F8240B2509C8AB00266467 /* Base */ = {isa = PBXFileReference; lastKnownFileType = file.storyboard; name = Base; path = Base.lproj/Main.storyboard; sourceTree = "<group>"; };
		38F8240D2509C8B000266467 /* Assets.xcassets */ = {isa = PBXFileReference; lastKnownFileType = folder.assetcatalog; path = Assets.xcassets; sourceTree = "<group>"; };
		38F824102509C8B000266467 /* Base */ = {isa = PBXFileReference; lastKnownFileType = file.storyboard; name = Base; path = Base.lproj/LaunchScreen.storyboard; sourceTree = "<group>"; };
		38F824122509C8B000266467 /* Info.plist */ = {isa = PBXFileReference; lastKnownFileType = text.plist.xml; path = Info.plist; sourceTree = "<group>"; };
		5431ABC9E37FA2376CAB2B2C /* Pods-O-sikdang.debug.xcconfig */ = {isa = PBXFileReference; includeInIndex = 1; lastKnownFileType = text.xcconfig; name = "Pods-O-sikdang.debug.xcconfig"; path = "Target Support Files/Pods-O-sikdang/Pods-O-sikdang.debug.xcconfig"; sourceTree = "<group>"; };
		6C84294B0DB83FEF26DB5B90 /* Pods-O-sikdang.release.xcconfig */ = {isa = PBXFileReference; includeInIndex = 1; lastKnownFileType = text.xcconfig; name = "Pods-O-sikdang.release.xcconfig"; path = "Target Support Files/Pods-O-sikdang/Pods-O-sikdang.release.xcconfig"; sourceTree = "<group>"; };
		EDED5464636362DF3BA5515B /* Pods_O_sikdang.framework */ = {isa = PBXFileReference; explicitFileType = wrapper.framework; includeInIndex = 0; path = Pods_O_sikdang.framework; sourceTree = BUILT_PRODUCTS_DIR; };
/* End PBXFileReference section */

/* Begin PBXFrameworksBuildPhase section */
		38F823FE2509C8AB00266467 /* Frameworks */ = {
			isa = PBXFrameworksBuildPhase;
			buildActionMask = 2147483647;
			files = (
				1A1919614633BCE7B10347A8 /* Pods_O_sikdang.framework in Frameworks */,
			);
			runOnlyForDeploymentPostprocessing = 0;
		};
/* End PBXFrameworksBuildPhase section */

/* Begin PBXGroup section */
		039BADE7A7A7350428AA42F6 /* Pods */ = {
			isa = PBXGroup;
			children = (
				5431ABC9E37FA2376CAB2B2C /* Pods-O-sikdang.debug.xcconfig */,
				6C84294B0DB83FEF26DB5B90 /* Pods-O-sikdang.release.xcconfig */,
			);
			path = Pods;
			sourceTree = "<group>";
		};
		2DBC31752486E94A581C3417 /* Frameworks */ = {
			isa = PBXGroup;
			children = (
				EDED5464636362DF3BA5515B /* Pods_O_sikdang.framework */,
			);
			name = Frameworks;
			sourceTree = "<group>";
		};
		382D47372519FA510055A469 /* Home */ = {
			isa = PBXGroup;
			children = (
				382D47392519FA5E0055A469 /* Views */,
				382D47382519FA560055A469 /* Controllers */,
			);
			path = Home;
			sourceTree = "<group>";
		};
		382D47382519FA560055A469 /* Controllers */ = {
			isa = PBXGroup;
			children = (
			);
			path = Controllers;
			sourceTree = "<group>";
		};
		382D47392519FA5E0055A469 /* Views */ = {
			isa = PBXGroup;
			children = (
				382D473A2519FC380055A469 /* HomeTopView.xib */,
			);
			path = Views;
			sourceTree = "<group>";
		};
		382D473C2519FD4A0055A469 /* Extensions */ = {
			isa = PBXGroup;
			children = (
				382D473F251B3D3E0055A469 /* VIews */,
			);
			path = Extensions;
			sourceTree = "<group>";
		};
		382D473D2519FD590055A469 /* Utilities */ = {
			isa = PBXGroup;
			children = (
				382D473E2519FD7F0055A469 /* View+XIB */,
			);
			path = Utilities;
			sourceTree = "<group>";
		};
		382D473E2519FD7F0055A469 /* View+XIB */ = {
			isa = PBXGroup;
			children = (
			);
			path = "View+XIB";
			sourceTree = "<group>";
		};
		382D473F251B3D3E0055A469 /* VIews */ = {
			isa = PBXGroup;
			children = (
			);
			path = VIews;
			sourceTree = "<group>";
		};
		38F823F82509C8AB00266467 = {
			isa = PBXGroup;
			children = (
				382D4742251B3E3E0055A469 /* .swiftlint.yml */,
				38F824032509C8AB00266467 /* O-sikdang */,
				38F824022509C8AB00266467 /* Products */,
				039BADE7A7A7350428AA42F6 /* Pods */,
				2DBC31752486E94A581C3417 /* Frameworks */,
			);
			sourceTree = "<group>";
		};
		38F824022509C8AB00266467 /* Products */ = {
			isa = PBXGroup;
			children = (
				38F824012509C8AB00266467 /* O-sikdang.app */,
			);
			name = Products;
			sourceTree = "<group>";
		};
		38F824032509C8AB00266467 /* O-sikdang */ = {
			isa = PBXGroup;
			children = (
				382D473D2519FD590055A469 /* Utilities */,
				382D473C2519FD4A0055A469 /* Extensions */,
				382D47372519FA510055A469 /* Home */,
				38F824042509C8AB00266467 /* AppDelegate.swift */,
				38F824062509C8AB00266467 /* SceneDelegate.swift */,
				38F824082509C8AB00266467 /* ViewController.swift */,
				38F8240A2509C8AB00266467 /* Main.storyboard */,
				38F8240D2509C8B000266467 /* Assets.xcassets */,
				38F8240F2509C8B000266467 /* LaunchScreen.storyboard */,
				38F824122509C8B000266467 /* Info.plist */,
			);
			path = "O-sikdang";
			sourceTree = "<group>";
		};
/* End PBXGroup section */

/* Begin PBXNativeTarget section */
		38F824002509C8AB00266467 /* O-sikdang */ = {
			isa = PBXNativeTarget;
			buildConfigurationList = 38F824152509C8B000266467 /* Build configuration list for PBXNativeTarget "O-sikdang" */;
			buildPhases = (
				5837FC5DF8261B676207D55E /* [CP] Check Pods Manifest.lock */,
				38F823FD2509C8AB00266467 /* Sources */,
				38F823FE2509C8AB00266467 /* Frameworks */,
				38F823FF2509C8AB00266467 /* Resources */,
				382CCD72251212F600B3B934 /* SwiftLint */,
				EAD9E20CBD7597FAC2AA3DD3 /* [CP] Embed Pods Frameworks */,
			);
			buildRules = (
			);
			dependencies = (
			);
			name = "O-sikdang";
			productName = "O-sikdang";
			productReference = 38F824012509C8AB00266467 /* O-sikdang.app */;
			productType = "com.apple.product-type.application";
		};
/* End PBXNativeTarget section */

/* Begin PBXProject section */
		38F823F92509C8AB00266467 /* Project object */ = {
			isa = PBXProject;
			attributes = {
				LastSwiftUpdateCheck = 1160;
				LastUpgradeCheck = 1160;
				ORGANIZATIONNAME = Grabros;
				TargetAttributes = {
					38F824002509C8AB00266467 = {
						CreatedOnToolsVersion = 11.6;
					};
				};
			};
			buildConfigurationList = 38F823FC2509C8AB00266467 /* Build configuration list for PBXProject "O-sikdang" */;
			compatibilityVersion = "Xcode 9.3";
			developmentRegion = en;
			hasScannedForEncodings = 0;
			knownRegions = (
				en,
				Base,
			);
			mainGroup = 38F823F82509C8AB00266467;
			productRefGroup = 38F824022509C8AB00266467 /* Products */;
			projectDirPath = "";
			projectRoot = "";
			targets = (
				38F824002509C8AB00266467 /* O-sikdang */,
			);
		};
/* End PBXProject section */

/* Begin PBXResourcesBuildPhase section */
		38F823FF2509C8AB00266467 /* Resources */ = {
			isa = PBXResourcesBuildPhase;
			buildActionMask = 2147483647;
			files = (
				382D4743251B3E3E0055A469 /* .swiftlint.yml in Resources */,
				38F824112509C8B000266467 /* LaunchScreen.storyboard in Resources */,
				38F8240E2509C8B000266467 /* Assets.xcassets in Resources */,
				38F8240C2509C8AB00266467 /* Main.storyboard in Resources */,
				382D473B2519FC380055A469 /* HomeTopView.xib in Resources */,
			);
			runOnlyForDeploymentPostprocessing = 0;
		};
/* End PBXResourcesBuildPhase section */

/* Begin PBXShellScriptBuildPhase section */
		382CCD72251212F600B3B934 /* SwiftLint */ = {
			isa = PBXShellScriptBuildPhase;
			buildActionMask = 2147483647;
			files = (
			);
			inputFileListPaths = (
			);
			inputPaths = (
			);
			name = SwiftLint;
			outputFileListPaths = (
			);
			outputPaths = (
			);
			runOnlyForDeploymentPostprocessing = 0;
			shellPath = /bin/sh;
			shellScript = "${PODS_ROOT}/SwiftLint/swiftlint\n";
		};
		5837FC5DF8261B676207D55E /* [CP] Check Pods Manifest.lock */ = {
			isa = PBXShellScriptBuildPhase;
			buildActionMask = 2147483647;
			files = (
			);
			inputFileListPaths = (
			);
			inputPaths = (
				"${PODS_PODFILE_DIR_PATH}/Podfile.lock",
				"${PODS_ROOT}/Manifest.lock",
			);
			name = "[CP] Check Pods Manifest.lock";
			outputFileListPaths = (
			);
			outputPaths = (
				"$(DERIVED_FILE_DIR)/Pods-O-sikdang-checkManifestLockResult.txt",
			);
			runOnlyForDeploymentPostprocessing = 0;
			shellPath = /bin/sh;
			shellScript = "diff \"${PODS_PODFILE_DIR_PATH}/Podfile.lock\" \"${PODS_ROOT}/Manifest.lock\" > /dev/null\nif [ $? != 0 ] ; then\n    # print error to STDERR\n    echo \"error: The sandbox is not in sync with the Podfile.lock. Run 'pod install' or update your CocoaPods installation.\" >&2\n    exit 1\nfi\n# This output is used by Xcode 'outputs' to avoid re-running this script phase.\necho \"SUCCESS\" > \"${SCRIPT_OUTPUT_FILE_0}\"\n";
			showEnvVarsInLog = 0;
		};
		EAD9E20CBD7597FAC2AA3DD3 /* [CP] Embed Pods Frameworks */ = {
			isa = PBXShellScriptBuildPhase;
			buildActionMask = 2147483647;
			files = (
			);
			inputFileListPaths = (
				"${PODS_ROOT}/Target Support Files/Pods-O-sikdang/Pods-O-sikdang-frameworks-${CONFIGURATION}-input-files.xcfilelist",
			);
			name = "[CP] Embed Pods Frameworks";
			outputFileListPaths = (
				"${PODS_ROOT}/Target Support Files/Pods-O-sikdang/Pods-O-sikdang-frameworks-${CONFIGURATION}-output-files.xcfilelist",
			);
			runOnlyForDeploymentPostprocessing = 0;
			shellPath = /bin/sh;
			shellScript = "\"${PODS_ROOT}/Target Support Files/Pods-O-sikdang/Pods-O-sikdang-frameworks.sh\"\n";
			showEnvVarsInLog = 0;
		};
/* End PBXShellScriptBuildPhase section */

/* Begin PBXSourcesBuildPhase section */
		38F823FD2509C8AB00266467 /* Sources */ = {
			isa = PBXSourcesBuildPhase;
			buildActionMask = 2147483647;
			files = (
				38F824092509C8AB00266467 /* ViewController.swift in Sources */,
				38F824052509C8AB00266467 /* AppDelegate.swift in Sources */,
				38F824072509C8AB00266467 /* SceneDelegate.swift in Sources */,
			);
			runOnlyForDeploymentPostprocessing = 0;
		};
/* End PBXSourcesBuildPhase section */

/* Begin PBXVariantGroup section */
		38F8240A2509C8AB00266467 /* Main.storyboard */ = {
			isa = PBXVariantGroup;
			children = (
				38F8240B2509C8AB00266467 /* Base */,
			);
			name = Main.storyboard;
			sourceTree = "<group>";
		};
		38F8240F2509C8B000266467 /* LaunchScreen.storyboard */ = {
			isa = PBXVariantGroup;
			children = (
				38F824102509C8B000266467 /* Base */,
			);
			name = LaunchScreen.storyboard;
			sourceTree = "<group>";
		};
/* End PBXVariantGroup section */

/* Begin XCBuildConfiguration section */
		38F824132509C8B000266467 /* Debug */ = {
			isa = XCBuildConfiguration;
			buildSettings = {
				ALWAYS_SEARCH_USER_PATHS = NO;
				CLANG_ANALYZER_NONNULL = YES;
				CLANG_ANALYZER_NUMBER_OBJECT_CONVERSION = YES_AGGRESSIVE;
				CLANG_CXX_LANGUAGE_STANDARD = "gnu++14";
				CLANG_CXX_LIBRARY = "libc++";
				CLANG_ENABLE_MODULES = YES;
				CLANG_ENABLE_OBJC_ARC = YES;
				CLANG_ENABLE_OBJC_WEAK = YES;
				CLANG_WARN_BLOCK_CAPTURE_AUTORELEASING = YES;
				CLANG_WARN_BOOL_CONVERSION = YES;
				CLANG_WARN_COMMA = YES;
				CLANG_WARN_CONSTANT_CONVERSION = YES;
				CLANG_WARN_DEPRECATED_OBJC_IMPLEMENTATIONS = YES;
				CLANG_WARN_DIRECT_OBJC_ISA_USAGE = YES_ERROR;
				CLANG_WARN_DOCUMENTATION_COMMENTS = YES;
				CLANG_WARN_EMPTY_BODY = YES;
				CLANG_WARN_ENUM_CONVERSION = YES;
				CLANG_WARN_INFINITE_RECURSION = YES;
				CLANG_WARN_INT_CONVERSION = YES;
				CLANG_WARN_NON_LITERAL_NULL_CONVERSION = YES;
				CLANG_WARN_OBJC_IMPLICIT_RETAIN_SELF = YES;
				CLANG_WARN_OBJC_LITERAL_CONVERSION = YES;
				CLANG_WARN_OBJC_ROOT_CLASS = YES_ERROR;
				CLANG_WARN_RANGE_LOOP_ANALYSIS = YES;
				CLANG_WARN_STRICT_PROTOTYPES = YES;
				CLANG_WARN_SUSPICIOUS_MOVE = YES;
				CLANG_WARN_UNGUARDED_AVAILABILITY = YES_AGGRESSIVE;
				CLANG_WARN_UNREACHABLE_CODE = YES;
				CLANG_WARN__DUPLICATE_METHOD_MATCH = YES;
				COPY_PHASE_STRIP = NO;
				DEBUG_INFORMATION_FORMAT = dwarf;
				ENABLE_STRICT_OBJC_MSGSEND = YES;
				ENABLE_TESTABILITY = YES;
				GCC_C_LANGUAGE_STANDARD = gnu11;
				GCC_DYNAMIC_NO_PIC = NO;
				GCC_NO_COMMON_BLOCKS = YES;
				GCC_OPTIMIZATION_LEVEL = 0;
				GCC_PREPROCESSOR_DEFINITIONS = (
					"DEBUG=1",
					"$(inherited)",
				);
				GCC_WARN_64_TO_32_BIT_CONVERSION = YES;
				GCC_WARN_ABOUT_RETURN_TYPE = YES_ERROR;
				GCC_WARN_UNDECLARED_SELECTOR = YES;
				GCC_WARN_UNINITIALIZED_AUTOS = YES_AGGRESSIVE;
				GCC_WARN_UNUSED_FUNCTION = YES;
				GCC_WARN_UNUSED_VARIABLE = YES;
				IPHONEOS_DEPLOYMENT_TARGET = 13.0;
				MTL_ENABLE_DEBUG_INFO = INCLUDE_SOURCE;
				MTL_FAST_MATH = YES;
				ONLY_ACTIVE_ARCH = YES;
				SDKROOT = iphoneos;
				SWIFT_ACTIVE_COMPILATION_CONDITIONS = DEBUG;
				SWIFT_OPTIMIZATION_LEVEL = "-Onone";
			};
			name = Debug;
		};
		38F824142509C8B000266467 /* Release */ = {
			isa = XCBuildConfiguration;
			buildSettings = {
				ALWAYS_SEARCH_USER_PATHS = NO;
				CLANG_ANALYZER_NONNULL = YES;
				CLANG_ANALYZER_NUMBER_OBJECT_CONVERSION = YES_AGGRESSIVE;
				CLANG_CXX_LANGUAGE_STANDARD = "gnu++14";
				CLANG_CXX_LIBRARY = "libc++";
				CLANG_ENABLE_MODULES = YES;
				CLANG_ENABLE_OBJC_ARC = YES;
				CLANG_ENABLE_OBJC_WEAK = YES;
				CLANG_WARN_BLOCK_CAPTURE_AUTORELEASING = YES;
				CLANG_WARN_BOOL_CONVERSION = YES;
				CLANG_WARN_COMMA = YES;
				CLANG_WARN_CONSTANT_CONVERSION = YES;
				CLANG_WARN_DEPRECATED_OBJC_IMPLEMENTATIONS = YES;
				CLANG_WARN_DIRECT_OBJC_ISA_USAGE = YES_ERROR;
				CLANG_WARN_DOCUMENTATION_COMMENTS = YES;
				CLANG_WARN_EMPTY_BODY = YES;
				CLANG_WARN_ENUM_CONVERSION = YES;
				CLANG_WARN_INFINITE_RECURSION = YES;
				CLANG_WARN_INT_CONVERSION = YES;
				CLANG_WARN_NON_LITERAL_NULL_CONVERSION = YES;
				CLANG_WARN_OBJC_IMPLICIT_RETAIN_SELF = YES;
				CLANG_WARN_OBJC_LITERAL_CONVERSION = YES;
				CLANG_WARN_OBJC_ROOT_CLASS = YES_ERROR;
				CLANG_WARN_RANGE_LOOP_ANALYSIS = YES;
				CLANG_WARN_STRICT_PROTOTYPES = YES;
				CLANG_WARN_SUSPICIOUS_MOVE = YES;
				CLANG_WARN_UNGUARDED_AVAILABILITY = YES_AGGRESSIVE;
				CLANG_WARN_UNREACHABLE_CODE = YES;
				CLANG_WARN__DUPLICATE_METHOD_MATCH = YES;
				COPY_PHASE_STRIP = NO;
				DEBUG_INFORMATION_FORMAT = "dwarf-with-dsym";
				ENABLE_NS_ASSERTIONS = NO;
				ENABLE_STRICT_OBJC_MSGSEND = YES;
				GCC_C_LANGUAGE_STANDARD = gnu11;
				GCC_NO_COMMON_BLOCKS = YES;
				GCC_WARN_64_TO_32_BIT_CONVERSION = YES;
				GCC_WARN_ABOUT_RETURN_TYPE = YES_ERROR;
				GCC_WARN_UNDECLARED_SELECTOR = YES;
				GCC_WARN_UNINITIALIZED_AUTOS = YES_AGGRESSIVE;
				GCC_WARN_UNUSED_FUNCTION = YES;
				GCC_WARN_UNUSED_VARIABLE = YES;
				IPHONEOS_DEPLOYMENT_TARGET = 13.0;
				MTL_ENABLE_DEBUG_INFO = NO;
				MTL_FAST_MATH = YES;
				SDKROOT = iphoneos;
				SWIFT_COMPILATION_MODE = wholemodule;
				SWIFT_OPTIMIZATION_LEVEL = "-O";
				VALIDATE_PRODUCT = YES;
			};
			name = Release;
		};
		38F824162509C8B000266467 /* Debug */ = {
			isa = XCBuildConfiguration;
			baseConfigurationReference = 5431ABC9E37FA2376CAB2B2C /* Pods-O-sikdang.debug.xcconfig */;
			buildSettings = {
				ASSETCATALOG_COMPILER_APPICON_NAME = AppIcon;
				CODE_SIGN_STYLE = Automatic;
				DEVELOPMENT_TEAM = N2GAL8582Q;
				INFOPLIST_FILE = "O-sikdang/Info.plist";
				LD_RUNPATH_SEARCH_PATHS = (
					"$(inherited)",
					"@executable_path/Frameworks",
				);
				PRODUCT_BUNDLE_IDENTIFIER = "kr.Grabros.O-sikdang";
				PRODUCT_NAME = "$(TARGET_NAME)";
				SWIFT_VERSION = 5.0;
				TARGETED_DEVICE_FAMILY = "1,2";
			};
			name = Debug;
		};
		38F824172509C8B000266467 /* Release */ = {
			isa = XCBuildConfiguration;
			baseConfigurationReference = 6C84294B0DB83FEF26DB5B90 /* Pods-O-sikdang.release.xcconfig */;
			buildSettings = {
				ASSETCATALOG_COMPILER_APPICON_NAME = AppIcon;
				CODE_SIGN_STYLE = Automatic;
				DEVELOPMENT_TEAM = N2GAL8582Q;
				INFOPLIST_FILE = "O-sikdang/Info.plist";
				LD_RUNPATH_SEARCH_PATHS = (
					"$(inherited)",
					"@executable_path/Frameworks",
				);
				PRODUCT_BUNDLE_IDENTIFIER = "kr.Grabros.O-sikdang";
				PRODUCT_NAME = "$(TARGET_NAME)";
				SWIFT_VERSION = 5.0;
				TARGETED_DEVICE_FAMILY = "1,2";
			};
			name = Release;
		};
/* End XCBuildConfiguration section */

/* Begin XCConfigurationList section */
		38F823FC2509C8AB00266467 /* Build configuration list for PBXProject "O-sikdang" */ = {
			isa = XCConfigurationList;
			buildConfigurations = (
				38F824132509C8B000266467 /* Debug */,
				38F824142509C8B000266467 /* Release */,
			);
			defaultConfigurationIsVisible = 0;
			defaultConfigurationName = Release;
		};
		38F824152509C8B000266467 /* Build configuration list for PBXNativeTarget "O-sikdang" */ = {
			isa = XCConfigurationList;
			buildConfigurations = (
				38F824162509C8B000266467 /* Debug */,
				38F824172509C8B000266467 /* Release */,
			);
			defaultConfigurationIsVisible = 0;
			defaultConfigurationName = Release;
		};
/* End XCConfigurationList section */
	};
	rootObject = 38F823F92509C8AB00266467 /* Project object */;
}
